// !$*UTF8*$!
{
	archiveVersion = 1;
	classes = {
	};
	objectVersion = 63;
	objects = {

/* Begin PBXBuildFile section */
		ASSETS001BUILDFILE00001 /* Assets.xcassets in Resources */ = {isa = PBXBuildFile; fileRef = ASSETS001FILEREF00001 /* Assets.xcassets */; };
		STOREKIT01BUILDFILE001 /* InvoiceFlowProducts.storekit in Resources */ = {isa = PBXBuildFile; fileRef = STOREKIT01FILEREF0001 /* InvoiceFlowProducts.storekit */; };
		0186FBF11870E68862E9C67C /* CreateEstimateView.swift in Sources */ = {isa = PBXBuildFile; fileRef = B1B3C2F6CD6AB4E7D5316271 /* CreateEstimateView.swift */; };
		17BBDE4F854F69A40F3A0974 /* InvoiceDetailView.swift in Sources */ = {isa = PBXBuildFile; fileRef = EEEE6B8537DDFB4C0F6A12B5 /* InvoiceDetailView.swift */; };
		18CEC2BBC61430DDE0D12735 /* ExportDataView.swift in Sources */ = {isa = PBXBuildFile; fileRef = A1339EDC12F8D2876F38132F /* ExportDataView.swift */; };
		2BB8802091D6A3157DDBFFD0 /* ClientsView.swift in Sources */ = {isa = PBXBuildFile; fileRef = 8C07C19CB269B126276D6D9F /* ClientsView.swift */; };
		36A07A2F144EFDB245F4DB48 /* SignatureView.swift in Sources */ = {isa = PBXBuildFile; fileRef = 5F6CA1C1C6E20EC4FD12A9C7 /* SignatureView.swift */; };
		3E73306AE2DED3280DAC69EE /* VoiceToInvoiceViewModel.swift in Sources */ = {isa = PBXBuildFile; fileRef = 66E222DACB80012015E95113 /* VoiceToInvoiceViewModel.swift */; };
		43F1E6E14669BD5B700EECC1 /* EstimateListViewModel.swift in Sources */ = {isa = PBXBuildFile; fileRef = CD5015ED0CA9900631D2F1C9 /* EstimateListViewModel.swift */; };
		646763EA6B469D25AC5B10E2 /* InvoiceContentView.swift in Sources */ = {isa = PBXBuildFile; fileRef = 0E25329C8D611A20238E5AF1 /* InvoiceContentView.swift */; };
		78B1DDCDA9188D6C55728E96 /* DocumentCore in Frameworks */ = {isa = PBXBuildFile; productRef = 21CB0F951D5F103FDFF0B2A6 /* DocumentCore */; };
		E2B54604E8C1E005EEAAC70D /* RevenueCat in Frameworks */ = {isa = PBXBuildFile; productRef = C56E7934AA06B88F2557C433 /* RevenueCat */; };
		8087D643C4E547500EDD87E9 /* CloudSyncSettingsView.swift in Sources */ = {isa = PBXBuildFile; fileRef = 65E9CA3668D171CCEACFD11C /* CloudSyncSettingsView.swift */; };
		8C4CD60CF8DC5BEDC00874B0 /* ClientsViewModel.swift in Sources */ = {isa = PBXBuildFile; fileRef = 93076C3EF98E13FE921F59CB /* ClientsViewModel.swift */; };
		8F57E923001392ACC4C9378A /* CSVExporter.swift in Sources */ = {isa = PBXBuildFile; fileRef = C4069AE1DB9B0C82779B0DCD /* CSVExporter.swift */; };
		9D4C5980C19780DD79EFDA06 /* CreateEstimateViewModel.swift in Sources */ = {isa = PBXBuildFile; fileRef = 87FC54F35F38150B09AAC518 /* CreateEstimateViewModel.swift */; };
		9DB5EB2F0E97FF721AD42415 /* ScanReceiptViewModel.swift in Sources */ = {isa = PBXBuildFile; fileRef = 813CB65132C5C285F3D989D6 /* ScanReceiptViewModel.swift */; };
		A79A93CA22B86914499696C3 /* InvoiceFlowAIApp.swift in Sources */ = {isa = PBXBuildFile; fileRef = 5F6E53307C27C92569F6E646 /* InvoiceFlowAIApp.swift */; };
		AD689134ECC2C33223933545 /* ClientPortalGenerator.swift in Sources */ = {isa = PBXBuildFile; fileRef = 4894715924E47BA085B08E1A /* ClientPortalGenerator.swift */; };
		B248BD4AE92B6E680A5B8160 /* InvoiceListView.swift in Sources */ = {isa = PBXBuildFile; fileRef = CAE0F98CA005178F130C07E9 /* InvoiceListView.swift */; };
		BB36A2B5D211CDA0145E5630 /* ItemsView.swift in Sources */ = {isa = PBXBuildFile; fileRef = E8510C26F7900243368DA045 /* ItemsView.swift */; };
		CA976D70720B1B249717DE7A /* CloudSyncManager.swift in Sources */ = {isa = PBXBuildFile; fileRef = 36927CD0140735828F2567A4 /* CloudSyncManager.swift */; };
		D744F8544E97D87DF92A077A /* EstimateListView.swift in Sources */ = {isa = PBXBuildFile; fileRef = A647B69CFFC1023FFBAF8E48 /* EstimateListView.swift */; };
		DDDD474D78610987B9BFFC3A /* CreateInvoiceView.swift in Sources */ = {isa = PBXBuildFile; fileRef = BB1CB1FCC1333542678EFB60 /* CreateInvoiceView.swift */; };
		E1EC38784FC12FC27FFC5150 /* NetworkMonitor.swift in Sources */ = {isa = PBXBuildFile; fileRef = 1E0ADBD990C0FE2530E98338 /* NetworkMonitor.swift */; };
		E456A0D9C3495A072BF6E4E4 /* ScanReceiptView.swift in Sources */ = {isa = PBXBuildFile; fileRef = 388E9A984CCC1AC8D5BE4BC7 /* ScanReceiptView.swift */; };
		E630B10FE68CD3950CC68384 /* PDFTemplateGenerator.swift in Sources */ = {isa = PBXBuildFile; fileRef = 3BBAAAC7672C66CB69499F92 /* PDFTemplateGenerator.swift */; };
		E685ECEB8A5C0FAFFF8557CB /* CreateInvoiceViewModel.swift in Sources */ = {isa = PBXBuildFile; fileRef = 2EA8331629B24C45E3890252 /* CreateInvoiceViewModel.swift */; };
		E99C80291A238EC93A63EE67 /* LateFeeSettingsView.swift in Sources */ = {isa = PBXBuildFile; fileRef = 8620EB9842FF0A9DC73A90AC /* LateFeeSettingsView.swift */; };
		F29F420839B512C0651F74FE /* DashboardView.swift in Sources */ = {isa = PBXBuildFile; fileRef = CBB9C089B0BF91BA0469F6BA /* DashboardView.swift */; };
		F3766F452575AB686024325A /* Models.swift in Sources */ = {isa = PBXBuildFile; fileRef = 5C9B61A3389EB6321D48F8F9 /* Models.swift */; };
		F61735B8FE27856438BC266A /* VoiceToInvoiceView.swift in Sources */ = {isa = PBXBuildFile; fileRef = 563AD42AEE4AC625BEDBA2B0 /* VoiceToInvoiceView.swift */; };
		F664FB3285D0E26AAABF07BE /* InvoiceSettingsView.swift in Sources */ = {isa = PBXBuildFile; fileRef = 8183D5C95A3EF97816BB6706 /* InvoiceSettingsView.swift */; };
		F974927D78586526A13A03CF /* EstimateDetailView.swift in Sources */ = {isa = PBXBuildFile; fileRef = 48934A15BB747C8B6892A99A /* EstimateDetailView.swift */; };
		FFDBCBCA530F84B35682AF47 /* InvoiceListViewModel.swift in Sources */ = {isa = PBXBuildFile; fileRef = 3AE6E2F0849A748751B524A4 /* InvoiceListViewModel.swift */; };
/* End PBXBuildFile section */

/* Begin PBXFileReference section */
		ASSETS001FILEREF00001 /* Assets.xcassets */ = {isa = PBXFileReference; lastKnownFileType = folder.assetcatalog; path = Assets.xcassets; sourceTree = "<group>"; };
		STOREKIT01FILEREF0001 /* InvoiceFlowProducts.storekit */ = {isa = PBXFileReference; lastKnownFileType = text; path = InvoiceFlowProducts.storekit; sourceTree = "<group>"; };
		ENTITLEMENTS01FILEREF /* InvoiceFlowAI.entitlements */ = {isa = PBXFileReference; lastKnownFileType = text.plist.entitlements; path = InvoiceFlowAI.entitlements; sourceTree = "<group>"; };
		0E25329C8D611A20238E5AF1 /* InvoiceContentView.swift */ = {isa = PBXFileReference; lastKnownFileType = sourcecode.swift; path = InvoiceContentView.swift; sourceTree = "<group>"; };
		1E0ADBD990C0FE2530E98338 /* NetworkMonitor.swift */ = {isa = PBXFileReference; includeInIndex = 1; lastKnownFileType = sourcecode.swift; path = NetworkMonitor.swift; sourceTree = "<group>"; };
		2EA8331629B24C45E3890252 /* CreateInvoiceViewModel.swift */ = {isa = PBXFileReference; lastKnownFileType = sourcecode.swift; path = CreateInvoiceViewModel.swift; sourceTree = "<group>"; };
		2EEF4ECD5EF28A9704FCC20A /* DocumentCore */ = {isa = PBXFileReference; lastKnownFileType = folder; name = DocumentCore; path = ../../DocumentCore; sourceTree = SOURCE_ROOT; };
		36927CD0140735828F2567A4 /* CloudSyncManager.swift */ = {isa = PBXFileReference; includeInIndex = 1; lastKnownFileType = sourcecode.swift; path = CloudSyncManager.swift; sourceTree = "<group>"; };
		388E9A984CCC1AC8D5BE4BC7 /* ScanReceiptView.swift */ = {isa = PBXFileReference; lastKnownFileType = sourcecode.swift; path = ScanReceiptView.swift; sourceTree = "<group>"; };
		3AE6E2F0849A748751B524A4 /* InvoiceListViewModel.swift */ = {isa = PBXFileReference; lastKnownFileType = sourcecode.swift; path = InvoiceListViewModel.swift; sourceTree = "<group>"; };
		3BBAAAC7672C66CB69499F92 /* PDFTemplateGenerator.swift */ = {isa = PBXFileReference; includeInIndex = 1; lastKnownFileType = sourcecode.swift; path = PDFTemplateGenerator.swift; sourceTree = "<group>"; };
		48934A15BB747C8B6892A99A /* EstimateDetailView.swift */ = {isa = PBXFileReference; includeInIndex = 1; lastKnownFileType = sourcecode.swift; path = EstimateDetailView.swift; sourceTree = "<group>"; };
		4894715924E47BA085B08E1A /* ClientPortalGenerator.swift */ = {isa = PBXFileReference; includeInIndex = 1; lastKnownFileType = sourcecode.swift; path = ClientPortalGenerator.swift; sourceTree = "<group>"; };
		563AD42AEE4AC625BEDBA2B0 /* VoiceToInvoiceView.swift */ = {isa = PBXFileReference; lastKnownFileType = sourcecode.swift; path = VoiceToInvoiceView.swift; sourceTree = "<group>"; };
		5C9B61A3389EB6321D48F8F9 /* Models.swift */ = {isa = PBXFileReference; lastKnownFileType = sourcecode.swift; path = Models.swift; sourceTree = "<group>"; };
		5F6CA1C1C6E20EC4FD12A9C7 /* SignatureView.swift */ = {isa = PBXFileReference; includeInIndex = 1; lastKnownFileType = sourcecode.swift; path = SignatureView.swift; sourceTree = "<group>"; };
		5F6E53307C27C92569F6E646 /* InvoiceFlowAIApp.swift */ = {isa = PBXFileReference; lastKnownFileType = sourcecode.swift; path = InvoiceFlowAIApp.swift; sourceTree = "<group>"; };
		65E9CA3668D171CCEACFD11C /* CloudSyncSettingsView.swift */ = {isa = PBXFileReference; includeInIndex = 1; lastKnownFileType = sourcecode.swift; path = CloudSyncSettingsView.swift; sourceTree = "<group>"; };
		66E222DACB80012015E95113 /* VoiceToInvoiceViewModel.swift */ = {isa = PBXFileReference; lastKnownFileType = sourcecode.swift; path = VoiceToInvoiceViewModel.swift; sourceTree = "<group>"; };
		698820D39E34FCAFDC81F4D6 /* Info.plist */ = {isa = PBXFileReference; lastKnownFileType = text.plist; path = Info.plist; sourceTree = "<group>"; };
		813CB65132C5C285F3D989D6 /* ScanReceiptViewModel.swift */ = {isa = PBXFileReference; lastKnownFileType = sourcecode.swift; path = ScanReceiptViewModel.swift; sourceTree = "<group>"; };
		8183D5C95A3EF97816BB6706 /* InvoiceSettingsView.swift */ = {isa = PBXFileReference; lastKnownFileType = sourcecode.swift; path = InvoiceSettingsView.swift; sourceTree = "<group>"; };
		8620EB9842FF0A9DC73A90AC /* LateFeeSettingsView.swift */ = {isa = PBXFileReference; includeInIndex = 1; lastKnownFileType = sourcecode.swift; path = LateFeeSettingsView.swift; sourceTree = "<group>"; };
		87FC54F35F38150B09AAC518 /* CreateEstimateViewModel.swift */ = {isa = PBXFileReference; includeInIndex = 1; lastKnownFileType = sourcecode.swift; path = CreateEstimateViewModel.swift; sourceTree = "<group>"; };
		8C07C19CB269B126276D6D9F /* ClientsView.swift */ = {isa = PBXFileReference; lastKnownFileType = sourcecode.swift; path = ClientsView.swift; sourceTree = "<group>"; };
		93076C3EF98E13FE921F59CB /* ClientsViewModel.swift */ = {isa = PBXFileReference; lastKnownFileType = sourcecode.swift; path = ClientsViewModel.swift; sourceTree = "<group>"; };
		A1339EDC12F8D2876F38132F /* ExportDataView.swift */ = {isa = PBXFileReference; includeInIndex = 1; lastKnownFileType = sourcecode.swift; path = ExportDataView.swift; sourceTree = "<group>"; };
		A647B69CFFC1023FFBAF8E48 /* EstimateListView.swift */ = {isa = PBXFileReference; includeInIndex = 1; lastKnownFileType = sourcecode.swift; path = EstimateListView.swift; sourceTree = "<group>"; };
		B1B3C2F6CD6AB4E7D5316271 /* CreateEstimateView.swift */ = {isa = PBXFileReference; includeInIndex = 1; lastKnownFileType = sourcecode.swift; path = CreateEstimateView.swift; sourceTree = "<group>"; };
		BB1CB1FCC1333542678EFB60 /* CreateInvoiceView.swift */ = {isa = PBXFileReference; lastKnownFileType = sourcecode.swift; path = CreateInvoiceView.swift; sourceTree = "<group>"; };
		C4069AE1DB9B0C82779B0DCD /* CSVExporter.swift */ = {isa = PBXFileReference; includeInIndex = 1; lastKnownFileType = sourcecode.swift; path = CSVExporter.swift; sourceTree = "<group>"; };
		CAE0F98CA005178F130C07E9 /* InvoiceListView.swift */ = {isa = PBXFileReference; lastKnownFileType = sourcecode.swift; path = InvoiceListView.swift; sourceTree = "<group>"; };
		CBB9C089B0BF91BA0469F6BA /* DashboardView.swift */ = {isa = PBXFileReference; includeInIndex = 1; lastKnownFileType = sourcecode.swift; path = DashboardView.swift; sourceTree = "<group>"; };
		CD5015ED0CA9900631D2F1C9 /* EstimateListViewModel.swift */ = {isa = PBXFileReference; includeInIndex = 1; lastKnownFileType = sourcecode.swift; path = EstimateListViewModel.swift; sourceTree = "<group>"; };
		D49759415C91A2E7EB7B9FF0 /* InvoiceFlowAI.app */ = {isa = PBXFileReference; explicitFileType = wrapper.application; includeInIndex = 0; path = InvoiceFlowAI.app; sourceTree = BUILT_PRODUCTS_DIR; };
		E8510C26F7900243368DA045 /* ItemsView.swift */ = {isa = PBXFileReference; lastKnownFileType = sourcecode.swift; path = ItemsView.swift; sourceTree = "<group>"; };
		EEEE6B8537DDFB4C0F6A12B5 /* InvoiceDetailView.swift */ = {isa = PBXFileReference; lastKnownFileType = sourcecode.swift; path = InvoiceDetailView.swift; sourceTree = "<group>"; };
/* End PBXFileReference section */

/* Begin PBXFrameworksBuildPhase section */
		9BC07F47C60A4312FAB5C5F0 /* Frameworks */ = {
			isa = PBXFrameworksBuildPhase;
			buildActionMask = 2147483647;
			files = (
				78B1DDCDA9188D6C55728E96 /* DocumentCore in Frameworks */,
				E2B54604E8C1E005EEAAC70D /* RevenueCat in Frameworks */,
			);
			runOnlyForDeploymentPostprocessing = 0;
		};
/* End PBXFrameworksBuildPhase section */

/* Begin PBXGroup section */
		0DB2307AAF04508E6406842A = {
			isa = PBXGroup;
			children = (
				313B48B17FBF17DB0A73B000 /* InvoiceFlowAI */,
				1800F2449CE9A2D288BC56F5 /* Packages */,
				A987138DD209B52C00DD6E74 /* Products */,
			);
			sourceTree = "<group>";
		};
		1800F2449CE9A2D288BC56F5 /* Packages */ = {
			isa = PBXGroup;
			children = (
				2EEF4ECD5EF28A9704FCC20A /* DocumentCore */,
			);
			name = Packages;
			sourceTree = "<group>";
		};
		1C5AAF1FA6355AD651C881DF /* Views */ = {
			isa = PBXGroup;
			children = (
				8C07C19CB269B126276D6D9F /* ClientsView.swift */,
				BB1CB1FCC1333542678EFB60 /* CreateInvoiceView.swift */,
				EEEE6B8537DDFB4C0F6A12B5 /* InvoiceDetailView.swift */,
				CAE0F98CA005178F130C07E9 /* InvoiceListView.swift */,
				8183D5C95A3EF97816BB6706 /* InvoiceSettingsView.swift */,
				E8510C26F7900243368DA045 /* ItemsView.swift */,
				388E9A984CCC1AC8D5BE4BC7 /* ScanReceiptView.swift */,
				563AD42AEE4AC625BEDBA2B0 /* VoiceToInvoiceView.swift */,
				A647B69CFFC1023FFBAF8E48 /* EstimateListView.swift */,
				B1B3C2F6CD6AB4E7D5316271 /* CreateEstimateView.swift */,
				48934A15BB747C8B6892A99A /* EstimateDetailView.swift */,
				CBB9C089B0BF91BA0469F6BA /* DashboardView.swift */,
				A1339EDC12F8D2876F38132F /* ExportDataView.swift */,
				8620EB9842FF0A9DC73A90AC /* LateFeeSettingsView.swift */,
				5F6CA1C1C6E20EC4FD12A9C7 /* SignatureView.swift */,
				65E9CA3668D171CCEACFD11C /* CloudSyncSettingsView.swift */,
			);
			path = Views;
			sourceTree = "<group>";
		};
		313B48B17FBF17DB0A73B000 /* InvoiceFlowAI */ = {
			isa = PBXGroup;
			children = (
				FEEF7C7F0D16494AE7659A12 /* App */,
				3516E2E3F3F4B30313486C87 /* Resources */,
				E3374A26BE9D00BF609F7E5E /* ViewModels */,
				1C5AAF1FA6355AD651C881DF /* Views */,
				8D03B1FC81A39CAE111732B6 /* Utilities */,
			);
			path = InvoiceFlowAI;
			sourceTree = "<group>";
		};
		3516E2E3F3F4B30313486C87 /* Resources */ = {
			isa = PBXGroup;
			children = (
				ASSETS001FILEREF00001 /* Assets.xcassets */,
				ENTITLEMENTS01FILEREF /* InvoiceFlowAI.entitlements */,
				698820D39E34FCAFDC81F4D6 /* Info.plist */,
				STOREKIT01FILEREF0001 /* InvoiceFlowProducts.storekit */,
			);
			path = Resources;
			sourceTree = "<group>";
		};
		8D03B1FC81A39CAE111732B6 /* Utilities */ = {
			isa = PBXGroup;
			children = (
				3BBAAAC7672C66CB69499F92 /* PDFTemplateGenerator.swift */,
				1E0ADBD990C0FE2530E98338 /* NetworkMonitor.swift */,
				4894715924E47BA085B08E1A /* ClientPortalGenerator.swift */,
				C4069AE1DB9B0C82779B0DCD /* CSVExporter.swift */,
				36927CD0140735828F2567A4 /* CloudSyncManager.swift */,
			);
			name = Utilities;
			path = Utilities;
			sourceTree = "<group>";
		};
		A987138DD209B52C00DD6E74 /* Products */ = {
			isa = PBXGroup;
			children = (
				D49759415C91A2E7EB7B9FF0 /* InvoiceFlowAI.app */,
			);
			name = Products;
			sourceTree = "<group>";
		};
		E3374A26BE9D00BF609F7E5E /* ViewModels */ = {
			isa = PBXGroup;
			children = (
				93076C3EF98E13FE921F59CB /* ClientsViewModel.swift */,
				2EA8331629B24C45E3890252 /* CreateInvoiceViewModel.swift */,
				3AE6E2F0849A748751B524A4 /* InvoiceListViewModel.swift */,
				813CB65132C5C285F3D989D6 /* ScanReceiptViewModel.swift */,
				66E222DACB80012015E95113 /* VoiceToInvoiceViewModel.swift */,
				CD5015ED0CA9900631D2F1C9 /* EstimateListViewModel.swift */,
				87FC54F35F38150B09AAC518 /* CreateEstimateViewModel.swift */,
			);
			path = ViewModels;
			sourceTree = "<group>";
		};
		FEEF7C7F0D16494AE7659A12 /* App */ = {
			isa = PBXGroup;
			children = (
				0E25329C8D611A20238E5AF1 /* InvoiceContentView.swift */,
				5F6E53307C27C92569F6E646 /* InvoiceFlowAIApp.swift */,
				5C9B61A3389EB6321D48F8F9 /* Models.swift */,
			);
			path = App;
			sourceTree = "<group>";
		};
/* End PBXGroup section */

/* Begin PBXResourcesBuildPhase section */
		RESOURCES01BUILDPHASE /* Resources */ = {
			isa = PBXResourcesBuildPhase;
			buildActionMask = 2147483647;
			files = (
				ASSETS001BUILDFILE00001 /* Assets.xcassets in Resources */,
				STOREKIT01BUILDFILE001 /* InvoiceFlowProducts.storekit in Resources */,
			);
			runOnlyForDeploymentPostprocessing = 0;
		};
/* End PBXResourcesBuildPhase section */

/* Begin PBXNativeTarget section */
		636143BC62AEBC430FC8BD63 /* InvoiceFlowAI */ = {
			isa = PBXNativeTarget;
			buildConfigurationList = A1EAB59C30922D2522DD0195 /* Build configuration list for PBXNativeTarget "InvoiceFlowAI" */;
			buildPhases = (
				201666E138F38946356BEA1A /* Sources */,
				9BC07F47C60A4312FAB5C5F0 /* Frameworks */,
				RESOURCES01BUILDPHASE /* Resources */,
			);
			buildRules = (
			);
			dependencies = (
			);
			name = InvoiceFlowAI;
			packageProductDependencies = (
				21CB0F951D5F103FDFF0B2A6 /* DocumentCore */,
				C56E7934AA06B88F2557C433 /* RevenueCat */,
			);
			productName = InvoiceFlowAI;
			productReference = D49759415C91A2E7EB7B9FF0 /* InvoiceFlowAI.app */;
			productType = "com.apple.product-type.application";
		};
/* End PBXNativeTarget section */

/* Begin PBXProject section */
		8155DBA44C3CC158C0BAB09C /* Project object */ = {
			isa = PBXProject;
			attributes = {
				BuildIndependentTargetsInParallel = YES;
				LastUpgradeCheck = 1500;
				TargetAttributes = {
					636143BC62AEBC430FC8BD63 = {
						ProvisioningStyle = Automatic;
					};
				};
			};
			buildConfigurationList = 69C857D5A6ADD9C019228D47 /* Build configuration list for PBXProject "InvoiceFlowAI" */;
			compatibilityVersion = "Xcode 14.0";
			developmentRegion = en;
			hasScannedForEncodings = 0;
			knownRegions = (
				Base,
				en,
			);
			mainGroup = 0DB2307AAF04508E6406842A;
			minimizedProjectReferenceProxies = 1;
			packageReferences = (
				830738D6A63E584D70559937 /* XCLocalSwiftPackageReference "DocumentCore" */,
				50E46DCA7853866E98B7A4FF /* XCRemoteSwiftPackageReference "purchases-ios" */,
			);
			productRefGroup = A987138DD209B52C00DD6E74 /* Products */;
			projectDirPath = "";
			projectRoot = "";
			targets = (
				636143BC62AEBC430FC8BD63 /* InvoiceFlowAI */,
			);
		};
/* End PBXProject section */

/* Begin PBXSourcesBuildPhase section */
		201666E138F38946356BEA1A /* Sources */ = {
			isa = PBXSourcesBuildPhase;
			buildActionMask = 2147483647;
			files = (
				2BB8802091D6A3157DDBFFD0 /* ClientsView.swift in Sources */,
				8C4CD60CF8DC5BEDC00874B0 /* ClientsViewModel.swift in Sources */,
				DDDD474D78610987B9BFFC3A /* CreateInvoiceView.swift in Sources */,
				E685ECEB8A5C0FAFFF8557CB /* CreateInvoiceViewModel.swift in Sources */,
				646763EA6B469D25AC5B10E2 /* InvoiceContentView.swift in Sources */,
				17BBDE4F854F69A40F3A0974 /* InvoiceDetailView.swift in Sources */,
				A79A93CA22B86914499696C3 /* InvoiceFlowAIApp.swift in Sources */,
				B248BD4AE92B6E680A5B8160 /* InvoiceListView.swift in Sources */,
				FFDBCBCA530F84B35682AF47 /* InvoiceListViewModel.swift in Sources */,
				F664FB3285D0E26AAABF07BE /* InvoiceSettingsView.swift in Sources */,
				BB36A2B5D211CDA0145E5630 /* ItemsView.swift in Sources */,
				F3766F452575AB686024325A /* Models.swift in Sources */,
				E456A0D9C3495A072BF6E4E4 /* ScanReceiptView.swift in Sources */,
				9DB5EB2F0E97FF721AD42415 /* ScanReceiptViewModel.swift in Sources */,
				F61735B8FE27856438BC266A /* VoiceToInvoiceView.swift in Sources */,
				3E73306AE2DED3280DAC69EE /* VoiceToInvoiceViewModel.swift in Sources */,
				E630B10FE68CD3950CC68384 /* PDFTemplateGenerator.swift in Sources */,
				43F1E6E14669BD5B700EECC1 /* EstimateListViewModel.swift in Sources */,
				9D4C5980C19780DD79EFDA06 /* CreateEstimateViewModel.swift in Sources */,
				D744F8544E97D87DF92A077A /* EstimateListView.swift in Sources */,
				0186FBF11870E68862E9C67C /* CreateEstimateView.swift in Sources */,
				F974927D78586526A13A03CF /* EstimateDetailView.swift in Sources */,
				E1EC38784FC12FC27FFC5150 /* NetworkMonitor.swift in Sources */,
				AD689134ECC2C33223933545 /* ClientPortalGenerator.swift in Sources */,
				F29F420839B512C0651F74FE /* DashboardView.swift in Sources */,
				18CEC2BBC61430DDE0D12735 /* ExportDataView.swift in Sources */,
				E99C80291A238EC93A63EE67 /* LateFeeSettingsView.swift in Sources */,
				8F57E923001392ACC4C9378A /* CSVExporter.swift in Sources */,
				36A07A2F144EFDB245F4DB48 /* SignatureView.swift in Sources */,
				8087D643C4E547500EDD87E9 /* CloudSyncSettingsView.swift in Sources */,
				CA976D70720B1B249717DE7A /* CloudSyncManager.swift in Sources */,
			);
			runOnlyForDeploymentPostprocessing = 0;
		};
/* End PBXSourcesBuildPhase section */

/* Begin XCBuildConfiguration section */
		04EBE7120742F6C9ED93A838 /* Debug */ = {
			isa = XCBuildConfiguration;
			buildSettings = {
				ALWAYS_SEARCH_USER_PATHS = NO;
				CLANG_ANALYZER_NONNULL = YES;
				CLANG_ANALYZER_NUMBER_OBJECT_CONVERSION = YES_AGGRESSIVE;
				CLANG_CXX_LANGUAGE_STANDARD = "gnu++14";
				CLANG_CXX_LIBRARY = "libc++";
				CLANG_ENABLE_MODULES = YES;
				CLANG_ENABLE_OBJC_ARC = YES;
				CLANG_ENABLE_OBJC_WEAK = YES;
				CLANG_WARN_BLOCK_CAPTURE_AUTORELEASING = YES;
				CLANG_WARN_BOOL_CONVERSION = YES;
				CLANG_WARN_COMMA = YES;
				CLANG_WARN_CONSTANT_CONVERSION = YES;
				CLANG_WARN_DEPRECATED_OBJC_IMPLEMENTATIONS = YES;
				CLANG_WARN_DIRECT_OBJC_ISA_USAGE = YES_ERROR;
				CLANG_WARN_DOCUMENTATION_COMMENTS = YES;
				CLANG_WARN_EMPTY_BODY = YES;
				CLANG_WARN_ENUM_CONVERSION = YES;
				CLANG_WARN_INFINITE_RECURSION = YES;
				CLANG_WARN_INT_CONVERSION = YES;
				CLANG_WARN_NON_LITERAL_NULL_CONVERSION = YES;
				CLANG_WARN_OBJC_IMPLICIT_RETAIN_SELF = YES;
				CLANG_WARN_OBJC_LITERAL_CONVERSION = YES;
				CLANG_WARN_OBJC_ROOT_CLASS = YES_ERROR;
				CLANG_WARN_QUOTED_INCLUDE_IN_FRAMEWORK_HEADER = YES;
				CLANG_WARN_RANGE_LOOP_ANALYSIS = YES;
				CLANG_WARN_STRICT_PROTOTYPES = YES;
				CLANG_WARN_SUSPICIOUS_MOVE = YES;
				CLANG_WARN_UNGUARDED_AVAILABILITY = YES_AGGRESSIVE;
				CLANG_WARN_UNREACHABLE_CODE = YES;
				CLANG_WARN__DUPLICATE_METHOD_MATCH = YES;
				CODE_SIGN_STYLE = Automatic;
				COPY_PHASE_STRIP = NO;
				DEBUG_INFORMATION_FORMAT = dwarf;
				DEVELOPMENT_TEAM = "";
				ENABLE_STRICT_OBJC_MSGSEND = YES;
				ENABLE_TESTABILITY = YES;
				GCC_C_LANGUAGE_STANDARD = gnu11;
				GCC_DYNAMIC_NO_PIC = NO;
				GCC_NO_COMMON_BLOCKS = YES;
				GCC_OPTIMIZATION_LEVEL = 0;
				GCC_PREPROCESSOR_DEFINITIONS = (
					"$(inherited)",
					"DEBUG=1",
				);
				GCC_WARN_64_TO_32_BIT_CONVERSION = YES;
				GCC_WARN_ABOUT_RETURN_TYPE = YES_ERROR;
				GCC_WARN_UNDECLARED_SELECTOR = YES;
				GCC_WARN_UNINITIALIZED_AUTOS = YES_AGGRESSIVE;
				GCC_WARN_UNUSED_FUNCTION = YES;
				GCC_WARN_UNUSED_VARIABLE = YES;
				IPHONEOS_DEPLOYMENT_TARGET = 16.0;
				MTL_ENABLE_DEBUG_INFO = INCLUDE_SOURCE;
				MTL_FAST_MATH = YES;
				ONLY_ACTIVE_ARCH = YES;
				PRODUCT_NAME = "$(TARGET_NAME)";
				SDKROOT = iphoneos;
				SWIFT_ACTIVE_COMPILATION_CONDITIONS = DEBUG;
				SWIFT_OPTIMIZATION_LEVEL = "-Onone";
				SWIFT_VERSION = 5.9;
			};
			name = Debug;
		};
		3323A83D250CDA43CA2F1CCC /* Release */ = {
			isa = XCBuildConfiguration;
			buildSettings = {
				ASSETCATALOG_COMPILER_APPICON_NAME = AppIcon;
				ASSETCATALOG_COMPILER_GLOBAL_ACCENT_COLOR_NAME = AccentColor;
				CODE_SIGN_ENTITLEMENTS = InvoiceFlowAI/Resources/InvoiceFlowAI.entitlements;
				CODE_SIGN_IDENTITY = "iPhone Developer";
				CURRENT_PROJECT_VERSION = 3;
				DEVELOPMENT_TEAM = 7RS696YC75;
				INFOPLIST_FILE = InvoiceFlowAI/Resources/Info.plist;
				LD_RUNPATH_SEARCH_PATHS = (
					"$(inherited)",
					"@executable_path/Frameworks",
				);
				MARKETING_VERSION = 1.0.0;
				PRODUCT_BUNDLE_IDENTIFIER = com.documentintelligence.invoiceflow;
				SDKROOT = iphoneos;
				TARGETED_DEVICE_FAMILY = "1,2";
			};
			name = Release;
		};
		91BC3082864AE3F29DB667C5 /* Release */ = {
			isa = XCBuildConfiguration;
			buildSettings = {
				ALWAYS_SEARCH_USER_PATHS = NO;
				CLANG_ANALYZER_NONNULL = YES;
				CLANG_ANALYZER_NUMBER_OBJECT_CONVERSION = YES_AGGRESSIVE;
				CLANG_CXX_LANGUAGE_STANDARD = "gnu++14";
				CLANG_CXX_LIBRARY = "libc++";
				CLANG_ENABLE_MODULES = YES;
				CLANG_ENABLE_OBJC_ARC = YES;
				CLANG_ENABLE_OBJC_WEAK = YES;
				CLANG_WARN_BLOCK_CAPTURE_AUTORELEASING = YES;
				CLANG_WARN_BOOL_CONVERSION = YES;
				CLANG_WARN_COMMA = YES;
				CLANG_WARN_CONSTANT_CONVERSION = YES;
				CLANG_WARN_DEPRECATED_OBJC_IMPLEMENTATIONS = YES;
				CLANG_WARN_DIRECT_OBJC_ISA_USAGE = YES_ERROR;
				CLANG_WARN_DOCUMENTATION_COMMENTS = YES;
				CLANG_WARN_EMPTY_BODY = YES;
				CLANG_WARN_ENUM_CONVERSION = YES;
				CLANG_WARN_INFINITE_RECURSION = YES;
				CLANG_WARN_INT_CONVERSION = YES;
				CLANG_WARN_NON_LITERAL_NULL_CONVERSION = YES;
				CLANG_WARN_OBJC_IMPLICIT_RETAIN_SELF = YES;
				CLANG_WARN_OBJC_LITERAL_CONVERSION = YES;
				CLANG_WARN_OBJC_ROOT_CLASS = YES_ERROR;
				CLANG_WARN_QUOTED_INCLUDE_IN_FRAMEWORK_HEADER = YES;
				CLANG_WARN_RANGE_LOOP_ANALYSIS = YES;
				CLANG_WARN_STRICT_PROTOTYPES = YES;
				CLANG_WARN_SUSPICIOUS_MOVE = YES;
				CLANG_WARN_UNGUARDED_AVAILABILITY = YES_AGGRESSIVE;
				CLANG_WARN_UNREACHABLE_CODE = YES;
				CLANG_WARN__DUPLICATE_METHOD_MATCH = YES;
				CODE_SIGN_STYLE = Automatic;
				COPY_PHASE_STRIP = NO;
				DEBUG_INFORMATION_FORMAT = "dwarf-with-dsym";
				DEVELOPMENT_TEAM = "";
				ENABLE_NS_ASSERTIONS = NO;
				ENABLE_STRICT_OBJC_MSGSEND = YES;
				GCC_C_LANGUAGE_STANDARD = gnu11;
				GCC_NO_COMMON_BLOCKS = YES;
				GCC_WARN_64_TO_32_BIT_CONVERSION = YES;
				GCC_WARN_ABOUT_RETURN_TYPE = YES_ERROR;
				GCC_WARN_UNDECLARED_SELECTOR = YES;
				GCC_WARN_UNINITIALIZED_AUTOS = YES_AGGRESSIVE;
				GCC_WARN_UNUSED_FUNCTION = YES;
				GCC_WARN_UNUSED_VARIABLE = YES;
				IPHONEOS_DEPLOYMENT_TARGET = 16.0;
				MTL_ENABLE_DEBUG_INFO = NO;
				MTL_FAST_MATH = YES;
				PRODUCT_NAME = "$(TARGET_NAME)";
				SDKROOT = iphoneos;
				SWIFT_COMPILATION_MODE = wholemodule;
				SWIFT_OPTIMIZATION_LEVEL = "-O";
				SWIFT_VERSION = 5.9;
			};
			name = Release;
		};
		CECA05DFA5906316956578F4 /* Debug */ = {
			isa = XCBuildConfiguration;
			buildSettings = {
				ASSETCATALOG_COMPILER_APPICON_NAME = AppIcon;
				ASSETCATALOG_COMPILER_GLOBAL_ACCENT_COLOR_NAME = AccentColor;
				CODE_SIGN_ENTITLEMENTS = InvoiceFlowAI/Resources/InvoiceFlowAI.entitlements;
				CODE_SIGN_IDENTITY = "iPhone Developer";
				CURRENT_PROJECT_VERSION = 3;
				DEVELOPMENT_TEAM = 7RS696YC75;
				INFOPLIST_FILE = InvoiceFlowAI/Resources/Info.plist;
				LD_RUNPATH_SEARCH_PATHS = (
					"$(inherited)",
					"@executable_path/Frameworks",
				);
				MARKETING_VERSION = 1.0.0;
				PRODUCT_BUNDLE_IDENTIFIER = com.documentintelligence.invoiceflow;
				SDKROOT = iphoneos;
				TARGETED_DEVICE_FAMILY = "1,2";
			};
			name = Debug;
		};
/* End XCBuildConfiguration section */

/* Begin XCConfigurationList section */
		69C857D5A6ADD9C019228D47 /* Build configuration list for PBXProject "InvoiceFlowAI" */ = {
			isa = XCConfigurationList;
			buildConfigurations = (
				04EBE7120742F6C9ED93A838 /* Debug */,
				91BC3082864AE3F29DB667C5 /* Release */,
			);
			defaultConfigurationIsVisible = 0;
			defaultConfigurationName = Debug;
		};
		A1EAB59C30922D2522DD0195 /* Build configuration list for PBXNativeTarget "InvoiceFlowAI" */ = {
			isa = XCConfigurationList;
			buildConfigurations = (
				CECA05DFA5906316956578F4 /* Debug */,
				3323A83D250CDA43CA2F1CCC /* Release */,
			);
			defaultConfigurationIsVisible = 0;
			defaultConfigurationName = Debug;
		};
/* End XCConfigurationList section */

/* Begin XCLocalSwiftPackageReference section */
		830738D6A63E584D70559937 /* XCLocalSwiftPackageReference "DocumentCore" */ = {
			isa = XCLocalSwiftPackageReference;
			relativePath = ../../DocumentCore;
		};
/* End XCLocalSwiftPackageReference section */

/* Begin XCRemoteSwiftPackageReference section */
		50E46DCA7853866E98B7A4FF /* XCRemoteSwiftPackageReference "purchases-ios" */ = {
			isa = XCRemoteSwiftPackageReference;
			repositoryURL = "https://github.com/RevenueCat/purchases-ios.git";
			requirement = {
				kind = upToNextMajorVersion;
				minimumVersion = 5.0.0;
			};
		};
/* End XCRemoteSwiftPackageReference section */

/* Begin XCSwiftPackageProductDependency section */
		21CB0F951D5F103FDFF0B2A6 /* DocumentCore */ = {
			isa = XCSwiftPackageProductDependency;
			productName = DocumentCore;
		};
		C56E7934AA06B88F2557C433 /* RevenueCat */ = {
			isa = XCSwiftPackageProductDependency;
			package = 50E46DCA7853866E98B7A4FF /* XCRemoteSwiftPackageReference "purchases-ios" */;
			productName = RevenueCat;
		};
/* End XCSwiftPackageProductDependency section */
	};
	rootObject = 8155DBA44C3CC158C0BAB09C /* Project object */;
}
